
Microsoft Visual Studio Solution File, Format Version 12.00
# Visual Studio Version 17
VisualStudioVersion = 17.14.36623.8 d17.14
MinimumVisualStudioVersion = 10.0.40219.1
Project("{FAE04EC0-301F-11D3-BF4B-00C04F79EFBC}") = "New_project", "New_project\New_project.csproj", "{A9427ACB-F5CA-456E-94A4-7E9089DF95EA}"
EndProject
Global
	GlobalSection(SolutionConfigurationPlatforms) = preSolution
		Debug|Any CPU = Debug|Any CPU
		Release|Any CPU = Release|Any CPU
	EndGlobalSection
	GlobalSection(ProjectConfigurationPlatforms) = postSolution
		{A9427ACB-F5CA-456E-94A4-7E9089DF95EA}.Debug|Any CPU.ActiveCfg = Debug|Any CPU
		{A9427ACB-F5CA-456E-94A4-7E9089DF95EA}.Debug|Any CPU.Build.0 = Debug|Any CPU
		{A9427ACB-F5CA-456E-94A4-7E9089DF95EA}.Release|Any CPU.ActiveCfg = Release|Any CPU
		{A9427ACB-F5CA-456E-94A4-7E9089DF95EA}.Release|Any CPU.Build.0 = Release|Any CPU
	EndGlobalSection
	GlobalSection(SolutionProperties) = preSolution
		HideSolutionNode = FALSE
	EndGlobalSection
	GlobalSection(ExtensibilityGlobals) = postSolution
		SolutionGuid = {FDAC7A82-FF8C-437D-A1B8-E31B17B75023}
	EndGlobalSection
EndGlobal
